
Microsoft Visual Studio Solution File, Format Version 12.00
# Visual Studio Version 17
VisualStudioVersion = 17.14.36930.0 d17.14
MinimumVisualStudioVersion = 10.0.40219.1
Project("{FAE04EC0-301F-11D3-BF4B-00C04F79EFBC}") = "+90_Web", "+90_Web\+90_Web.csproj", "{7D7C036B-84C9-40C5-8F03-581908CB9157}"
EndProject
Global
	GlobalSection(SolutionConfigurationPlatforms) = preSolution
		Debug|Any CPU = Debug|Any CPU
		Release|Any CPU = Release|Any CPU
	EndGlobalSection
	GlobalSection(ProjectConfigurationPlatforms) = postSolution
		{7D7C036B-84C9-40C5-8F03-581908CB9157}.Debug|Any CPU.ActiveCfg = Debug|Any CPU
		{7D7C036B-84C9-40C5-8F03-581908CB9157}.Debug|Any CPU.Build.0 = Debug|Any CPU
		{7D7C036B-84C9-40C5-8F03-581908CB9157}.Release|Any CPU.ActiveCfg = Release|Any CPU
		{7D7C036B-84C9-40C5-8F03-581908CB9157}.Release|Any CPU.Build.0 = Release|Any CPU
	EndGlobalSection
	GlobalSection(SolutionProperties) = preSolution
		HideSolutionNode = FALSE
	EndGlobalSection
	GlobalSection(ExtensibilityGlobals) = postSolution
		SolutionGuid = {BCD9AF53-4AA1-4060-A9BE-4915F59E488E}
	EndGlobalSection
EndGlobal
