
Microsoft Visual Studio Solution File, Format Version 12.00
# Visual Studio Version 17
VisualStudioVersion = 17.0.31903.59
MinimumVisualStudioVersion = 10.0.40219.1
Project("{FAE04EC0-301F-11D3-BF4B-00C04F79EFBC}") = "Plus90PS.Domain", "Backend\Plus90PS.Domain\Plus90PS.Domain.csproj", "{B481B80C-198E-4262-BBF2-041749DF1BD6}"
EndProject
Project("{FAE04EC0-301F-11D3-BF4B-00C04F79EFBC}") = "Plus90PS.Application", "Backend\Plus90PS.Application\Plus90PS.Application.csproj", "{5E6EAE04-D85F-40F3-9F90-9FE703E9A1A4}"
EndProject
Project("{FAE04EC0-301F-11D3-BF4B-00C04F79EFBC}") = "Plus90PS.Infrastructure", "Backend\Plus90PS.Infrastructure\Plus90PS.Infrastructure.csproj", "{372C26DF-D7C0-4DE7-B756-6CEADABBD893}"
EndProject
Project("{FAE04EC0-301F-11D3-BF4B-00C04F79EFBC}") = "Plus90PS.Api", "Backend\Plus90PS.Api\Plus90PS.Api.csproj", "{938B0DEA-2AB7-4D54-8B42-CDEF7695561B}"
EndProject
Project("{FAE04EC0-301F-11D3-BF4B-00C04F79EFBC}") = "Plus90PS.Domain.Tests", "Tests\Plus90PS.Domain.Tests\Plus90PS.Domain.Tests.csproj", "{4EB00249-4009-4FF4-9BF0-ECBDA39F9D94}"
EndProject
Project("{FAE04EC0-301F-11D3-BF4B-00C04F79EFBC}") = "Plus90PS.Application.Tests", "Tests\Plus90PS.Application.Tests\Plus90PS.Application.Tests.csproj", "{13022F84-4605-49E1-9372-58564E8F319D}"
EndProject
Project("{FAE04EC0-301F-11D3-BF4B-00C04F79EFBC}") = "Plus90PS.IntegrationTests", "Tests\Plus90PS.IntegrationTests\Plus90PS.IntegrationTests.csproj", "{0B9A2ABB-B97B-45D3-8D8A-A79ABAB2E9C1}"
EndProject
Global
	GlobalSection(SolutionConfigurationPlatforms) = preSolution
		Debug|Any CPU = Debug|Any CPU
		Debug|x64 = Debug|x64
		Debug|x86 = Debug|x86
		Release|Any CPU = Release|Any CPU
		Release|x64 = Release|x64
		Release|x86 = Release|x86
	EndGlobalSection
	GlobalSection(ProjectConfigurationPlatforms) = postSolution
		{B481B80C-198E-4262-BBF2-041749DF1BD6}.Debug|Any CPU.ActiveCfg = Debug|Any CPU
		{B481B80C-198E-4262-BBF2-041749DF1BD6}.Debug|Any CPU.Build.0 = Debug|Any CPU
		{B481B80C-198E-4262-BBF2-041749DF1BD6}.Debug|x64.ActiveCfg = Debug|Any CPU
		{B481B80C-198E-4262-BBF2-041749DF1BD6}.Debug|x64.Build.0 = Debug|Any CPU
		{B481B80C-198E-4262-BBF2-041749DF1BD6}.Debug|x86.ActiveCfg = Debug|Any CPU
		{B481B80C-198E-4262-BBF2-041749DF1BD6}.Debug|x86.Build.0 = Debug|Any CPU
		{B481B80C-198E-4262-BBF2-041749DF1BD6}.Release|Any CPU.ActiveCfg = Release|Any CPU
		{B481B80C-198E-4262-BBF2-041749DF1BD6}.Release|Any CPU.Build.0 = Release|Any CPU
		{B481B80C-198E-4262-BBF2-041749DF1BD6}.Release|x64.ActiveCfg = Release|Any CPU
		{B481B80C-198E-4262-BBF2-041749DF1BD6}.Release|x64.Build.0 = Release|Any CPU
		{B481B80C-198E-4262-BBF2-041749DF1BD6}.Release|x86.ActiveCfg = Release|Any CPU
		{B481B80C-198E-4262-BBF2-041749DF1BD6}.Release|x86.Build.0 = Release|Any CPU
		{5E6EAE04-D85F-40F3-9F90-9FE703E9A1A4}.Debug|Any CPU.ActiveCfg = Debug|Any CPU
		{5E6EAE04-D85F-40F3-9F90-9FE703E9A1A4}.Debug|Any CPU.Build.0 = Debug|Any CPU
		{5E6EAE04-D85F-40F3-9F90-9FE703E9A1A4}.Debug|x64.ActiveCfg = Debug|Any CPU
		{5E6EAE04-D85F-40F3-9F90-9FE703E9A1A4}.Debug|x64.Build.0 = Debug|Any CPU
		{5E6EAE04-D85F-40F3-9F90-9FE703E9A1A4}.Debug|x86.ActiveCfg = Debug|Any CPU
		{5E6EAE04-D85F-40F3-9F90-9FE703E9A1A4}.Debug|x86.Build.0 = Debug|Any CPU
		{5E6EAE04-D85F-40F3-9F90-9FE703E9A1A4}.Release|Any CPU.ActiveCfg = Release|Any CPU
		{5E6EAE04-D85F-40F3-9F90-9FE703E9A1A4}.Release|Any CPU.Build.0 = Release|Any CPU
		{5E6EAE04-D85F-40F3-9F90-9FE703E9A1A4}.Release|x64.ActiveCfg = Release|Any CPU
		{5E6EAE04-D85F-40F3-9F90-9FE703E9A1A4}.Release|x64.Build.0 = Release|Any CPU
		{5E6EAE04-D85F-40F3-9F90-9FE703E9A1A4}.Release|x86.ActiveCfg = Release|Any CPU
		{5E6EAE04-D85F-40F3-9F90-9FE703E9A1A4}.Release|x86.Build.0 = Release|Any CPU
		{372C26DF-D7C0-4DE7-B756-6CEADABBD893}.Debug|Any CPU.ActiveCfg = Debug|Any CPU
		{372C26DF-D7C0-4DE7-B756-6CEADABBD893}.Debug|Any CPU.Build.0 = Debug|Any CPU
		{372C26DF-D7C0-4DE7-B756-6CEADABBD893}.Debug|x64.ActiveCfg = Debug|Any CPU
		{372C26DF-D7C0-4DE7-B756-6CEADABBD893}.Debug|x64.Build.0 = Debug|Any CPU
		{372C26DF-D7C0-4DE7-B756-6CEADABBD893}.Debug|x86.ActiveCfg = Debug|Any CPU
		{372C26DF-D7C0-4DE7-B756-6CEADABBD893}.Debug|x86.Build.0 = Debug|Any CPU
		{372C26DF-D7C0-4DE7-B756-6CEADABBD893}.Release|Any CPU.ActiveCfg = Release|Any CPU
		{372C26DF-D7C0-4DE7-B756-6CEADABBD893}.Release|Any CPU.Build.0 = Release|Any CPU
		{372C26DF-D7C0-4DE7-B756-6CEADABBD893}.Release|x64.ActiveCfg = Release|Any CPU
		{372C26DF-D7C0-4DE7-B756-6CEADABBD893}.Release|x64.Build.0 = Release|Any CPU
		{372C26DF-D7C0-4DE7-B756-6CEADABBD893}.Release|x86.ActiveCfg = Release|Any CPU
		{372C26DF-D7C0-4DE7-B756-6CEADABBD893}.Release|x86.Build.0 = Release|Any CPU
		{938B0DEA-2AB7-4D54-8B42-CDEF7695561B}.Debug|Any CPU.ActiveCfg = Debug|Any CPU
		{938B0DEA-2AB7-4D54-8B42-CDEF7695561B}.Debug|Any CPU.Build.0 = Debug|Any CPU
		{938B0DEA-2AB7-4D54-8B42-CDEF7695561B}.Debug|x64.ActiveCfg = Debug|Any CPU
		{938B0DEA-2AB7-4D54-8B42-CDEF7695561B}.Debug|x64.Build.0 = Debug|Any CPU
		{938B0DEA-2AB7-4D54-8B42-CDEF7695561B}.Debug|x86.ActiveCfg = Debug|Any CPU
		{938B0DEA-2AB7-4D54-8B42-CDEF7695561B}.Debug|x86.Build.0 = Debug|Any CPU
		{938B0DEA-2AB7-4D54-8B42-CDEF7695561B}.Release|Any CPU.ActiveCfg = Release|Any CPU
		{938B0DEA-2AB7-4D54-8B42-CDEF7695561B}.Release|Any CPU.Build.0 = Release|Any CPU
		{938B0DEA-2AB7-4D54-8B42-CDEF7695561B}.Release|x64.ActiveCfg = Release|Any CPU
		{938B0DEA-2AB7-4D54-8B42-CDEF7695561B}.Release|x64.Build.0 = Release|Any CPU
		{938B0DEA-2AB7-4D54-8B42-CDEF7695561B}.Release|x86.ActiveCfg = Release|Any CPU
		{938B0DEA-2AB7-4D54-8B42-CDEF7695561B}.Release|x86.Build.0 = Release|Any CPU
		{4EB00249-4009-4FF4-9BF0-ECBDA39F9D94}.Debug|Any CPU.ActiveCfg = Debug|Any CPU
		{4EB00249-4009-4FF4-9BF0-ECBDA39F9D94}.Debug|Any CPU.Build.0 = Debug|Any CPU
		{4EB00249-4009-4FF4-9BF0-ECBDA39F9D94}.Debug|x64.ActiveCfg = Debug|Any CPU
		{4EB00249-4009-4FF4-9BF0-ECBDA39F9D94}.Debug|x64.Build.0 = Debug|Any CPU
		{4EB00249-4009-4FF4-9BF0-ECBDA39F9D94}.Debug|x86.ActiveCfg = Debug|Any CPU
		{4EB00249-4009-4FF4-9BF0-ECBDA39F9D94}.Debug|x86.Build.0 = Debug|Any CPU
		{4EB00249-4009-4FF4-9BF0-ECBDA39F9D94}.Release|Any CPU.ActiveCfg = Release|Any CPU
		{4EB00249-4009-4FF4-9BF0-ECBDA39F9D94}.Release|Any CPU.Build.0 = Release|Any CPU
		{4EB00249-4009-4FF4-9BF0-ECBDA39F9D94}.Release|x64.ActiveCfg = Release|Any CPU
		{4EB00249-4009-4FF4-9BF0-ECBDA39F9D94}.Release|x64.Build.0 = Release|Any CPU
		{4EB00249-4009-4FF4-9BF0-ECBDA39F9D94}.Release|x86.ActiveCfg = Release|Any CPU
		{4EB00249-4009-4FF4-9BF0-ECBDA39F9D94}.Release|x86.Build.0 = Release|Any CPU
		{13022F84-4605-49E1-9372-58564E8F319D}.Debug|Any CPU.ActiveCfg = Debug|Any CPU
		{13022F84-4605-49E1-9372-58564E8F319D}.Debug|Any CPU.Build.0 = Debug|Any CPU
		{13022F84-4605-49E1-9372-58564E8F319D}.Debug|x64.ActiveCfg = Debug|Any CPU
		{13022F84-4605-49E1-9372-58564E8F319D}.Debug|x64.Build.0 = Debug|Any CPU
		{13022F84-4605-49E1-9372-58564E8F319D}.Debug|x86.ActiveCfg = Debug|Any CPU
		{13022F84-4605-49E1-9372-58564E8F319D}.Debug|x86.Build.0 = Debug|Any CPU
		{13022F84-4605-49E1-9372-58564E8F319D}.Release|Any CPU.ActiveCfg = Release|Any CPU
		{13022F84-4605-49E1-9372-58564E8F319D}.Release|Any CPU.Build.0 = Release|Any CPU
		{13022F84-4605-49E1-9372-58564E8F319D}.Release|x64.ActiveCfg = Release|Any CPU
		{13022F84-4605-49E1-9372-58564E8F319D}.Release|x64.Build.0 = Release|Any CPU
		{13022F84-4605-49E1-9372-58564E8F319D}.Release|x86.ActiveCfg = Release|Any CPU
		{13022F84-4605-49E1-9372-58564E8F319D}.Release|x86.Build.0 = Release|Any CPU
		{0B9A2ABB-B97B-45D3-8D8A-A79ABAB2E9C1}.Debug|Any CPU.ActiveCfg = Debug|Any CPU
		{0B9A2ABB-B97B-45D3-8D8A-A79ABAB2E9C1}.Debug|Any CPU.Build.0 = Debug|Any CPU
		{0B9A2ABB-B97B-45D3-8D8A-A79ABAB2E9C1}.Debug|x64.ActiveCfg = Debug|Any CPU
		{0B9A2ABB-B97B-45D3-8D8A-A79ABAB2E9C1}.Debug|x64.Build.0 = Debug|Any CPU
		{0B9A2ABB-B97B-45D3-8D8A-A79ABAB2E9C1}.Debug|x86.ActiveCfg = Debug|Any CPU
		{0B9A2ABB-B97B-45D3-8D8A-A79ABAB2E9C1}.Debug|x86.Build.0 = Debug|Any CPU
		{0B9A2ABB-B97B-45D3-8D8A-A79ABAB2E9C1}.Release|Any CPU.ActiveCfg = Release|Any CPU
		{0B9A2ABB-B97B-45D3-8D8A-A79ABAB2E9C1}.Release|Any CPU.Build.0 = Release|Any CPU
		{0B9A2ABB-B97B-45D3-8D8A-A79ABAB2E9C1}.Release|x64.ActiveCfg = Release|Any CPU
		{0B9A2ABB-B97B-45D3-8D8A-A79ABAB2E9C1}.Release|x64.Build.0 = Release|Any CPU
		{0B9A2ABB-B97B-45D3-8D8A-A79ABAB2E9C1}.Release|x86.ActiveCfg = Release|Any CPU
		{0B9A2ABB-B97B-45D3-8D8A-A79ABAB2E9C1}.Release|x86.Build.0 = Release|Any CPU
	EndGlobalSection
	GlobalSection(SolutionProperties) = preSolution
		HideSolutionNode = FALSE
	EndGlobalSection
EndGlobal
